lockVersion: 2.0.0
id: cfa45abe-3d52-48c1-827e-b5a0444a7f10
management:
  docChecksum: 2554149823bfd7b4f9664a81d29a1aea
  docVersion: "1.0"
  speakeasyVersion: 1.227.0
  generationVersion: 2.291.0
  releaseVersion: 2.1.5
  configChecksum: 146a4a5118fb803d33f4520bd3329224
  repoURL: https://github.com/speakeasy-sdks/php-petstore.git
  repoSubDirectory: .
  installationURL: https://github.com/speakeasy-sdks/php-petstore
features:
  php:
    core: 3.3.3
    getRequestBodies: 2.81.1
    globalSecurity: 2.81.6
    globalServerURLs: 2.82.1
generatedFiles:
  - src/SDKConfiguration.php
  - src/Animals.php
  - src/Birds.php
  - src/Pb.php
  - src/PbBuilder.php
  - composer.json
  - phpstan.neon
  - rector.php
  - src/Utils/EnumHandler.php
  - src/Utils/FormMetadata.php
  - src/Utils/Headers.php
  - src/Utils/JSON.php
  - src/Utils/MixedJSONHandler.php
  - src/Utils/MultipartMetadata.php
  - src/Utils/ParamsMetadata.php
  - src/Utils/PathParameters.php
  - src/Utils/QueryParameters.php
  - src/Utils/RequestBodies.php
  - src/Utils/RequestMetadata.php
  - src/Utils/Security.php
  - src/Utils/SecurityClient.php
  - src/Utils/SecurityMetadata.php
  - src/Utils/SpeakeasyMetadata.php
  - src/Utils/Utils.php
  - src/Models/Operations/CreateAnimalRequestBody.php
  - src/Models/Operations/CreateAnimalResponse.php
  - src/Models/Operations/CreateLivingThingsResponse.php
  - src/Models/Operations/DeleteAnimalsByIdRequest.php
  - src/Models/Operations/DeleteAnimalsByIdResponse.php
  - src/Models/Operations/GetAllAnimalsRequest.php
  - src/Models/Operations/GetAllAnimalsResponse.php
  - src/Models/Operations/GetAllLivingThingsRequest.php
  - src/Models/Operations/GetAllLivingThingsResponse.php
  - src/Models/Operations/GetAnimalsByIdRequest.php
  - src/Models/Operations/GetAnimalsByIdResponse.php
  - src/Models/Operations/UpdateAnimalsByIdRequest.php
  - src/Models/Operations/UpdateAnimalsByIdResponse.php
  - src/Models/Operations/Meta.php
  - src/Models/Operations/CreateNewBirdResponseBody.php
  - src/Models/Operations/CreateNewBirdResponse.php
  - src/Models/Operations/GetAllBirdsResponse.php
  - src/Models/Shared/Error.php
  - src/Models/Shared/Animals.php
  - src/Models/Shared/Data.php
  - src/Models/Shared/ComplexObject.php
  - src/Models/Shared/Pagination.php
  - src/Models/Shared/Unit.php
  - src/Models/Shared/Age.php
  - src/Models/Shared/Span.php
  - src/Models/Shared/Wings.php
  - src/Models/Shared/Flight.php
  - src/Models/Shared/Geography.php
  - src/Models/Shared/Location.php
  - src/Models/Shared/NestedBird.php
  - src/Models/Shared/Birds.php
  - src/Models/Shared/Security.php
  - docs/Models/Operations/CreateAnimalRequestBody.md
  - docs/Models/Operations/CreateAnimalResponse.md
  - docs/Models/Operations/CreateLivingThingsResponse.md
  - docs/Models/Operations/DeleteAnimalsByIdRequest.md
  - docs/Models/Operations/DeleteAnimalsByIdResponse.md
  - docs/Models/Operations/GetAllAnimalsRequest.md
  - docs/Models/Operations/GetAllAnimalsResponse.md
  - docs/Models/Operations/GetAllLivingThingsRequest.md
  - docs/Models/Operations/GetAllLivingThingsResponse.md
  - docs/Models/Operations/GetAnimalsByIdRequest.md
  - docs/Models/Operations/GetAnimalsByIdResponse.md
  - docs/Models/Operations/UpdateAnimalsByIdRequest.md
  - docs/Models/Operations/UpdateAnimalsByIdResponse.md
  - docs/Models/Operations/Meta.md
  - docs/Models/Operations/CreateNewBirdResponseBody.md
  - docs/Models/Operations/CreateNewBirdResponse.md
  - docs/Models/Operations/GetAllBirdsResponse.md
  - docs/Models/Shared/Error.md
  - docs/Models/Shared/Animals.md
  - docs/Models/Shared/Data.md
  - docs/Models/Shared/ComplexObject.md
  - docs/Models/Shared/Pagination.md
  - docs/Models/Shared/Unit.md
  - docs/Models/Shared/Age.md
  - docs/Models/Shared/Span.md
  - docs/Models/Shared/Wings.md
  - docs/Models/Shared/Flight.md
  - docs/Models/Shared/Geography.md
  - docs/Models/Shared/Location.md
  - docs/Models/Shared/NestedBird.md
  - docs/Models/Shared/Birds.md
  - docs/Models/Shared/Security.md
  - docs/sdks/pb/README.md
  - docs/sdks/animals/README.md
  - docs/sdks/birds/README.md
  - USAGE.md
  - .gitattributes
